// !$*UTF8*$!
{
	archiveVersion = 1;
	classes = {
	};
	objectVersion = 55;
	objects = {

/* Begin PBXBuildFile section */
		0C1124D427BC4C6A008AAC13 /* SwiftUIPlayingCardsApp.swift in Sources */ = {isa = PBXBuildFile; fileRef = 0C1124D327BC4C6A008AAC13 /* SwiftUIPlayingCardsApp.swift */; };
		0C1124D827BC4C6C008AAC13 /* Assets.xcassets in Resources */ = {isa = PBXBuildFile; fileRef = 0C1124D727BC4C6C008AAC13 /* Assets.xcassets */; };
		0C1124DB27BC4C6C008AAC13 /* Preview Assets.xcassets in Resources */ = {isa = PBXBuildFile; fileRef = 0C1124DA27BC4C6C008AAC13 /* Preview Assets.xcassets */; };
		0C1124E627BC4CC0008AAC13 /* HandView.swift in Sources */ = {isa = PBXBuildFile; fileRef = 0C1124E227BC4CC0008AAC13 /* HandView.swift */; };
		0C1124E727BC4CC0008AAC13 /* CardView.swift in Sources */ = {isa = PBXBuildFile; fileRef = 0C1124E327BC4CC0008AAC13 /* CardView.swift */; };
		0C1124E827BC4CC0008AAC13 /* ContentView.swift in Sources */ = {isa = PBXBuildFile; fileRef = 0C1124E427BC4CC0008AAC13 /* ContentView.swift */; };
		0C1124EB27BD220F008AAC13 /* DeckView.swift in Sources */ = {isa = PBXBuildFile; fileRef = 0C1124EA27BD220F008AAC13 /* DeckView.swift */; };
		D307D75728B1E439000BA1E9 /* MenuView.swift in Sources */ = {isa = PBXBuildFile; fileRef = D307D75628B1E439000BA1E9 /* MenuView.swift */; };
		D307D75928B1E464000BA1E9 /* LeaderboardView.swift in Sources */ = {isa = PBXBuildFile; fileRef = D307D75828B1E464000BA1E9 /* LeaderboardView.swift */; };
		D307D75B28B1E489000BA1E9 /* HowToPlayView.swift in Sources */ = {isa = PBXBuildFile; fileRef = D307D75A28B1E489000BA1E9 /* HowToPlayView.swift */; };
		D3335ADD28B614F800A5C720 /* CardGameCoreData.xcdatamodeld in Sources */ = {isa = PBXBuildFile; fileRef = D3335ADB28B614F800A5C720 /* CardGameCoreData.xcdatamodeld */; };
		D3335AE228B62F7000A5C720 /* GameState.swift in Sources */ = {isa = PBXBuildFile; fileRef = D3335AE128B62F7000A5C720 /* GameState.swift */; };
		D3335AE428B632DF00A5C720 /* SettingsView.swift in Sources */ = {isa = PBXBuildFile; fileRef = D3335AE328B632DF00A5C720 /* SettingsView.swift */; };
		D3335AE628B6402D00A5C720 /* SoundManager.swift in Sources */ = {isa = PBXBuildFile; fileRef = D3335AE528B6402D00A5C720 /* SoundManager.swift */; };
		D3335AE928B643C700A5C720 /* blackJackDefeatSound.mp3 in Resources */ = {isa = PBXBuildFile; fileRef = D3335AE828B643C700A5C720 /* blackJackDefeatSound.mp3 */; };
		D3335AEB28B643DF00A5C720 /* blackJackWinSound.mp3 in Resources */ = {isa = PBXBuildFile; fileRef = D3335AEA28B643DF00A5C720 /* blackJackWinSound.mp3 */; };
		D3335AED28B6508100A5C720 /* CODEXBackgroundMusic.mp3 in Resources */ = {isa = PBXBuildFile; fileRef = D3335AEC28B6508100A5C720 /* CODEXBackgroundMusic.mp3 */; };
		D36EA51728B79415007EE968 /* pageTurnSoundEffect.mp3 in Resources */ = {isa = PBXBuildFile; fileRef = D36EA51628B79415007EE968 /* pageTurnSoundEffect.mp3 */; };
		D36EA51928B7941C007EE968 /* cardDealSoundEffect.mp3 in Resources */ = {isa = PBXBuildFile; fileRef = D36EA51828B7941C007EE968 /* cardDealSoundEffect.mp3 */; };
		D3EF0EB728B4EEB7009B32C8 /* askPlayerNameView.swift in Sources */ = {isa = PBXBuildFile; fileRef = D3EF0EB628B4EEB7009B32C8 /* askPlayerNameView.swift */; };
		D3EF0EC228B511D9009B32C8 /* CoreDataManager.swift in Sources */ = {isa = PBXBuildFile; fileRef = D3EF0EC128B511D9009B32C8 /* CoreDataManager.swift */; };
/* End PBXBuildFile section */

/* Begin PBXFileReference section */
		0C1124D027BC4C6A008AAC13 /* SwiftUIPlayingCards.app */ = {isa = PBXFileReference; explicitFileType = wrapper.application; includeInIndex = 0; path = SwiftUIPlayingCards.app; sourceTree = BUILT_PRODUCTS_DIR; };
		0C1124D327BC4C6A008AAC13 /* SwiftUIPlayingCardsApp.swift */ = {isa = PBXFileReference; lastKnownFileType = sourcecode.swift; path = SwiftUIPlayingCardsApp.swift; sourceTree = "<group>"; };
		0C1124D727BC4C6C008AAC13 /* Assets.xcassets */ = {isa = PBXFileReference; lastKnownFileType = folder.assetcatalog; path = Assets.xcassets; sourceTree = "<group>"; };
		0C1124DA27BC4C6C008AAC13 /* Preview Assets.xcassets */ = {isa = PBXFileReference; lastKnownFileType = folder.assetcatalog; path = "Preview Assets.xcassets"; sourceTree = "<group>"; };
		0C1124E227BC4CC0008AAC13 /* HandView.swift */ = {isa = PBXFileReference; fileEncoding = 4; lastKnownFileType = sourcecode.swift; path = HandView.swift; sourceTree = "<group>"; };
		0C1124E327BC4CC0008AAC13 /* CardView.swift */ = {isa = PBXFileReference; fileEncoding = 4; lastKnownFileType = sourcecode.swift; path = CardView.swift; sourceTree = "<group>"; };
		0C1124E427BC4CC0008AAC13 /* ContentView.swift */ = {isa = PBXFileReference; fileEncoding = 4; lastKnownFileType = sourcecode.swift; path = ContentView.swift; sourceTree = "<group>"; tabWidth = 3; };
		0C1124EA27BD220F008AAC13 /* DeckView.swift */ = {isa = PBXFileReference; lastKnownFileType = sourcecode.swift; path = DeckView.swift; sourceTree = "<group>"; };
		D307D75628B1E439000BA1E9 /* MenuView.swift */ = {isa = PBXFileReference; lastKnownFileType = sourcecode.swift; path = MenuView.swift; sourceTree = "<group>"; };
		D307D75828B1E464000BA1E9 /* LeaderboardView.swift */ = {isa = PBXFileReference; lastKnownFileType = sourcecode.swift; path = LeaderboardView.swift; sourceTree = "<group>"; };
		D307D75A28B1E489000BA1E9 /* HowToPlayView.swift */ = {isa = PBXFileReference; lastKnownFileType = sourcecode.swift; path = HowToPlayView.swift; sourceTree = "<group>"; };
		D3335ADC28B614F800A5C720 /* CardGameCoreData.xcdatamodel */ = {isa = PBXFileReference; lastKnownFileType = wrapper.xcdatamodel; path = CardGameCoreData.xcdatamodel; sourceTree = "<group>"; };
		D3335AE128B62F7000A5C720 /* GameState.swift */ = {isa = PBXFileReference; lastKnownFileType = sourcecode.swift; path = GameState.swift; sourceTree = "<group>"; };
		D3335AE328B632DF00A5C720 /* SettingsView.swift */ = {isa = PBXFileReference; lastKnownFileType = sourcecode.swift; path = SettingsView.swift; sourceTree = "<group>"; };
		D3335AE528B6402D00A5C720 /* SoundManager.swift */ = {isa = PBXFileReference; lastKnownFileType = sourcecode.swift; path = SoundManager.swift; sourceTree = "<group>"; };
		D3335AE828B643C700A5C720 /* blackJackDefeatSound.mp3 */ = {isa = PBXFileReference; lastKnownFileType = audio.mp3; path = blackJackDefeatSound.mp3; sourceTree = "<group>"; };
		D3335AEA28B643DF00A5C720 /* blackJackWinSound.mp3 */ = {isa = PBXFileReference; lastKnownFileType = audio.mp3; path = blackJackWinSound.mp3; sourceTree = "<group>"; };
		D3335AEC28B6508100A5C720 /* CODEXBackgroundMusic.mp3 */ = {isa = PBXFileReference; lastKnownFileType = audio.mp3; path = CODEXBackgroundMusic.mp3; sourceTree = "<group>"; };
		D34163E128BB0D19009D5238 /* SystemDocumentationAsg2.pdf */ = {isa = PBXFileReference; lastKnownFileType = image.pdf; path = SystemDocumentationAsg2.pdf; sourceTree = "<group>"; };
		D36EA51628B79415007EE968 /* pageTurnSoundEffect.mp3 */ = {isa = PBXFileReference; lastKnownFileType = audio.mp3; path = pageTurnSoundEffect.mp3; sourceTree = "<group>"; };
		D36EA51828B7941C007EE968 /* cardDealSoundEffect.mp3 */ = {isa = PBXFileReference; lastKnownFileType = audio.mp3; path = cardDealSoundEffect.mp3; sourceTree = "<group>"; };
		D3EF0EB628B4EEB7009B32C8 /* askPlayerNameView.swift */ = {isa = PBXFileReference; lastKnownFileType = sourcecode.swift; path = askPlayerNameView.swift; sourceTree = "<group>"; };
		D3EF0EC128B511D9009B32C8 /* CoreDataManager.swift */ = {isa = PBXFileReference; lastKnownFileType = sourcecode.swift; path = CoreDataManager.swift; sourceTree = "<group>"; };
/* End PBXFileReference section */

/* Begin PBXFrameworksBuildPhase section */
		0C1124CD27BC4C6A008AAC13 /* Frameworks */ = {
			isa = PBXFrameworksBuildPhase;
			buildActionMask = 2147483647;
			files = (
			);
			runOnlyForDeploymentPostprocessing = 0;
		};
/* End PBXFrameworksBuildPhase section */

/* Begin PBXGroup section */
		0C1124C727BC4C6A008AAC13 = {
			isa = PBXGroup;
			children = (
				0C1124D227BC4C6A008AAC13 /* SwiftUIPlayingCards */,
				0C1124D127BC4C6A008AAC13 /* Products */,
			);
			sourceTree = "<group>";
		};
		0C1124D127BC4C6A008AAC13 /* Products */ = {
			isa = PBXGroup;
			children = (
				0C1124D027BC4C6A008AAC13 /* SwiftUIPlayingCards.app */,
			);
			name = Products;
			sourceTree = "<group>";
		};
		0C1124D227BC4C6A008AAC13 /* SwiftUIPlayingCards */ = {
			isa = PBXGroup;
			children = (
				D34163DF28BB0755009D5238 /* SystemDocumentation */,
				D3335AE728B6439100A5C720 /* Sound */,
				D3EF0EC028B511C4009B32C8 /* Manager */,
				D3D900EC28B3A06D00B3E9D4 /* Model */,
				0C1124E127BC4CC0008AAC13 /* Views */,
				0C1124D327BC4C6A008AAC13 /* SwiftUIPlayingCardsApp.swift */,
				D3335AE128B62F7000A5C720 /* GameState.swift */,
				0C1124D727BC4C6C008AAC13 /* Assets.xcassets */,
				0C1124D927BC4C6C008AAC13 /* Preview Content */,
			);
			path = SwiftUIPlayingCards;
			sourceTree = "<group>";
		};
		0C1124D927BC4C6C008AAC13 /* Preview Content */ = {
			isa = PBXGroup;
			children = (
				0C1124DA27BC4C6C008AAC13 /* Preview Assets.xcassets */,
			);
			path = "Preview Content";
			sourceTree = "<group>";
		};
		0C1124E127BC4CC0008AAC13 /* Views */ = {
			isa = PBXGroup;
			children = (
				0C1124EA27BD220F008AAC13 /* DeckView.swift */,
				0C1124E227BC4CC0008AAC13 /* HandView.swift */,
				0C1124E327BC4CC0008AAC13 /* CardView.swift */,
				0C1124E427BC4CC0008AAC13 /* ContentView.swift */,
				D307D75628B1E439000BA1E9 /* MenuView.swift */,
				D307D75828B1E464000BA1E9 /* LeaderboardView.swift */,
				D307D75A28B1E489000BA1E9 /* HowToPlayView.swift */,
				D3EF0EB628B4EEB7009B32C8 /* askPlayerNameView.swift */,
				D3335AE328B632DF00A5C720 /* SettingsView.swift */,
			);
			path = Views;
			sourceTree = SOURCE_ROOT;
		};
		D3335AE728B6439100A5C720 /* Sound */ = {
			isa = PBXGroup;
			children = (
				D3335AE828B643C700A5C720 /* blackJackDefeatSound.mp3 */,
				D3335AEA28B643DF00A5C720 /* blackJackWinSound.mp3 */,
				D3335AEC28B6508100A5C720 /* CODEXBackgroundMusic.mp3 */,
				D36EA51628B79415007EE968 /* pageTurnSoundEffect.mp3 */,
				D36EA51828B7941C007EE968 /* cardDealSoundEffect.mp3 */,
			);
			path = Sound;
			sourceTree = "<group>";
		};
		D34163DF28BB0755009D5238 /* SystemDocumentation */ = {
			isa = PBXGroup;
			children = (
				D34163E128BB0D19009D5238 /* SystemDocumentationAsg2.pdf */,
			);
			path = SystemDocumentation;
			sourceTree = "<group>";
		};
		D3D900EC28B3A06D00B3E9D4 /* Model */ = {
			isa = PBXGroup;
			children = (
				D3335ADB28B614F800A5C720 /* CardGameCoreData.xcdatamodeld */,
			);
			path = Model;
			sourceTree = "<group>";
		};
		D3EF0EC028B511C4009B32C8 /* Manager */ = {
			isa = PBXGroup;
			children = (
				D3EF0EC128B511D9009B32C8 /* CoreDataManager.swift */,
				D3335AE528B6402D00A5C720 /* SoundManager.swift */,
			);
			path = Manager;
			sourceTree = "<group>";
		};
/* End PBXGroup section */

/* Begin PBXNativeTarget section */
		0C1124CF27BC4C6A008AAC13 /* SwiftUIPlayingCards */ = {
			isa = PBXNativeTarget;
			buildConfigurationList = 0C1124DE27BC4C6C008AAC13 /* Build configuration list for PBXNativeTarget "SwiftUIPlayingCards" */;
			buildPhases = (
				0C1124CC27BC4C6A008AAC13 /* Sources */,
				0C1124CD27BC4C6A008AAC13 /* Frameworks */,
				0C1124CE27BC4C6A008AAC13 /* Resources */,
			);
			buildRules = (
			);
			dependencies = (
			);
			name = SwiftUIPlayingCards;
			productName = SwiftUIPlayingCards;
			productReference = 0C1124D027BC4C6A008AAC13 /* SwiftUIPlayingCards.app */;
			productType = "com.apple.product-type.application";
		};
/* End PBXNativeTarget section */

/* Begin PBXProject section */
		0C1124C827BC4C6A008AAC13 /* Project object */ = {
			isa = PBXProject;
			attributes = {
				BuildIndependentTargetsInParallel = 1;
				LastSwiftUpdateCheck = 1320;
				LastUpgradeCheck = 1320;
				TargetAttributes = {
					0C1124CF27BC4C6A008AAC13 = {
						CreatedOnToolsVersion = 13.2.1;
					};
				};
			};
			buildConfigurationList = 0C1124CB27BC4C6A008AAC13 /* Build configuration list for PBXProject "SwiftUIPlayingCards" */;
			compatibilityVersion = "Xcode 13.0";
			developmentRegion = en;
			hasScannedForEncodings = 0;
			knownRegions = (
				en,
				Base,
			);
			mainGroup = 0C1124C727BC4C6A008AAC13;
			productRefGroup = 0C1124D127BC4C6A008AAC13 /* Products */;
			projectDirPath = "";
			projectRoot = "";
			targets = (
				0C1124CF27BC4C6A008AAC13 /* SwiftUIPlayingCards */,
			);
		};
/* End PBXProject section */

/* Begin PBXResourcesBuildPhase section */
		0C1124CE27BC4C6A008AAC13 /* Resources */ = {
			isa = PBXResourcesBuildPhase;
			buildActionMask = 2147483647;
			files = (
				D3335AEB28B643DF00A5C720 /* blackJackWinSound.mp3 in Resources */,
				D3335AE928B643C700A5C720 /* blackJackDefeatSound.mp3 in Resources */,
				0C1124DB27BC4C6C008AAC13 /* Preview Assets.xcassets in Resources */,
				D36EA51728B79415007EE968 /* pageTurnSoundEffect.mp3 in Resources */,
				D36EA51928B7941C007EE968 /* cardDealSoundEffect.mp3 in Resources */,
				D3335AED28B6508100A5C720 /* CODEXBackgroundMusic.mp3 in Resources */,
				0C1124D827BC4C6C008AAC13 /* Assets.xcassets in Resources */,
			);
			runOnlyForDeploymentPostprocessing = 0;
		};
/* End PBXResourcesBuildPhase section */

/* Begin PBXSourcesBuildPhase section */
		0C1124CC27BC4C6A008AAC13 /* Sources */ = {
			isa = PBXSourcesBuildPhase;
			buildActionMask = 2147483647;
			files = (
				0C1124D427BC4C6A008AAC13 /* SwiftUIPlayingCardsApp.swift in Sources */,
				D307D75728B1E439000BA1E9 /* MenuView.swift in Sources */,
				D3EF0EB728B4EEB7009B32C8 /* askPlayerNameView.swift in Sources */,
				0C1124E727BC4CC0008AAC13 /* CardView.swift in Sources */,
				D307D75928B1E464000BA1E9 /* LeaderboardView.swift in Sources */,
				D3335AE628B6402D00A5C720 /* SoundManager.swift in Sources */,
				0C1124E827BC4CC0008AAC13 /* ContentView.swift in Sources */,
				D3EF0EC228B511D9009B32C8 /* CoreDataManager.swift in Sources */,
				D3335ADD28B614F800A5C720 /* CardGameCoreData.xcdatamodeld in Sources */,
				D307D75B28B1E489000BA1E9 /* HowToPlayView.swift in Sources */,
				D3335AE228B62F7000A5C720 /* GameState.swift in Sources */,
				0C1124E627BC4CC0008AAC13 /* HandView.swift in Sources */,
				0C1124EB27BD220F008AAC13 /* DeckView.swift in Sources */,
				D3335AE428B632DF00A5C720 /* SettingsView.swift in Sources */,
			);
			runOnlyForDeploymentPostprocessing = 0;
		};
/* End PBXSourcesBuildPhase section */

/* Begin XCBuildConfiguration section */
		0C1124DC27BC4C6C008AAC13 /* Debug */ = {
			isa = XCBuildConfiguration;
			buildSettings = {
				ALWAYS_SEARCH_USER_PATHS = NO;
				CLANG_ANALYZER_NONNULL = YES;
				CLANG_ANALYZER_NUMBER_OBJECT_CONVERSION = YES_AGGRESSIVE;
				CLANG_CXX_LANGUAGE_STANDARD = "gnu++17";
				CLANG_CXX_LIBRARY = "libc++";
				CLANG_ENABLE_MODULES = YES;
				CLANG_ENABLE_OBJC_ARC = YES;
				CLANG_ENABLE_OBJC_WEAK = YES;
				CLANG_WARN_BLOCK_CAPTURE_AUTORELEASING = YES;
				CLANG_WARN_BOOL_CONVERSION = YES;
				CLANG_WARN_COMMA = YES;
				CLANG_WARN_CONSTANT_CONVERSION = YES;
				CLANG_WARN_DEPRECATED_OBJC_IMPLEMENTATIONS = YES;
				CLANG_WARN_DIRECT_OBJC_ISA_USAGE = YES_ERROR;
				CLANG_WARN_DOCUMENTATION_COMMENTS = YES;
				CLANG_WARN_EMPTY_BODY = YES;
				CLANG_WARN_ENUM_CONVERSION = YES;
				CLANG_WARN_INFINITE_RECURSION = YES;
				CLANG_WARN_INT_CONVERSION = YES;
				CLANG_WARN_NON_LITERAL_NULL_CONVERSION = YES;
				CLANG_WARN_OBJC_IMPLICIT_RETAIN_SELF = YES;
				CLANG_WARN_OBJC_LITERAL_CONVERSION = YES;
				CLANG_WARN_OBJC_ROOT_CLASS = YES_ERROR;
				CLANG_WARN_QUOTED_INCLUDE_IN_FRAMEWORK_HEADER = YES;
				CLANG_WARN_RANGE_LOOP_ANALYSIS = YES;
				CLANG_WARN_STRICT_PROTOTYPES = YES;
				CLANG_WARN_SUSPICIOUS_MOVE = YES;
				CLANG_WARN_UNGUARDED_AVAILABILITY = YES_AGGRESSIVE;
				CLANG_WARN_UNREACHABLE_CODE = YES;
				CLANG_WARN__DUPLICATE_METHOD_MATCH = YES;
				COPY_PHASE_STRIP = NO;
				DEBUG_INFORMATION_FORMAT = dwarf;
				ENABLE_STRICT_OBJC_MSGSEND = YES;
				ENABLE_TESTABILITY = YES;
				GCC_C_LANGUAGE_STANDARD = gnu11;
				GCC_DYNAMIC_NO_PIC = NO;
				GCC_NO_COMMON_BLOCKS = YES;
				GCC_OPTIMIZATION_LEVEL = 0;
				GCC_PREPROCESSOR_DEFINITIONS = (
					"DEBUG=1",
					"$(inherited)",
				);
				GCC_WARN_64_TO_32_BIT_CONVERSION = YES;
				GCC_WARN_ABOUT_RETURN_TYPE = YES_ERROR;
				GCC_WARN_UNDECLARED_SELECTOR = YES;
				GCC_WARN_UNINITIALIZED_AUTOS = YES_AGGRESSIVE;
				GCC_WARN_UNUSED_FUNCTION = YES;
				GCC_WARN_UNUSED_VARIABLE = YES;
				IPHONEOS_DEPLOYMENT_TARGET = 15.2;
				MTL_ENABLE_DEBUG_INFO = INCLUDE_SOURCE;
				MTL_FAST_MATH = YES;
				ONLY_ACTIVE_ARCH = YES;
				SDKROOT = iphoneos;
				SWIFT_ACTIVE_COMPILATION_CONDITIONS = DEBUG;
				SWIFT_OPTIMIZATION_LEVEL = "-Onone";
			};
			name = Debug;
		};
		0C1124DD27BC4C6C008AAC13 /* Release */ = {
			isa = XCBuildConfiguration;
			buildSettings = {
				ALWAYS_SEARCH_USER_PATHS = NO;
				CLANG_ANALYZER_NONNULL = YES;
				CLANG_ANALYZER_NUMBER_OBJECT_CONVERSION = YES_AGGRESSIVE;
				CLANG_CXX_LANGUAGE_STANDARD = "gnu++17";
				CLANG_CXX_LIBRARY = "libc++";
				CLANG_ENABLE_MODULES = YES;
				CLANG_ENABLE_OBJC_ARC = YES;
				CLANG_ENABLE_OBJC_WEAK = YES;
				CLANG_WARN_BLOCK_CAPTURE_AUTORELEASING = YES;
				CLANG_WARN_BOOL_CONVERSION = YES;
				CLANG_WARN_COMMA = YES;
				CLANG_WARN_CONSTANT_CONVERSION = YES;
				CLANG_WARN_DEPRECATED_OBJC_IMPLEMENTATIONS = YES;
				CLANG_WARN_DIRECT_OBJC_ISA_USAGE = YES_ERROR;
				CLANG_WARN_DOCUMENTATION_COMMENTS = YES;
				CLANG_WARN_EMPTY_BODY = YES;
				CLANG_WARN_ENUM_CONVERSION = YES;
				CLANG_WARN_INFINITE_RECURSION = YES;
				CLANG_WARN_INT_CONVERSION = YES;
				CLANG_WARN_NON_LITERAL_NULL_CONVERSION = YES;
				CLANG_WARN_OBJC_IMPLICIT_RETAIN_SELF = YES;
				CLANG_WARN_OBJC_LITERAL_CONVERSION = YES;
				CLANG_WARN_OBJC_ROOT_CLASS = YES_ERROR;
				CLANG_WARN_QUOTED_INCLUDE_IN_FRAMEWORK_HEADER = YES;
				CLANG_WARN_RANGE_LOOP_ANALYSIS = YES;
				CLANG_WARN_STRICT_PROTOTYPES = YES;
				CLANG_WARN_SUSPICIOUS_MOVE = YES;
				CLANG_WARN_UNGUARDED_AVAILABILITY = YES_AGGRESSIVE;
				CLANG_WARN_UNREACHABLE_CODE = YES;
				CLANG_WARN__DUPLICATE_METHOD_MATCH = YES;
				COPY_PHASE_STRIP = NO;
				DEBUG_INFORMATION_FORMAT = "dwarf-with-dsym";
				ENABLE_NS_ASSERTIONS = NO;
				ENABLE_STRICT_OBJC_MSGSEND = YES;
				GCC_C_LANGUAGE_STANDARD = gnu11;
				GCC_NO_COMMON_BLOCKS = YES;
				GCC_WARN_64_TO_32_BIT_CONVERSION = YES;
				GCC_WARN_ABOUT_RETURN_TYPE = YES_ERROR;
				GCC_WARN_UNDECLARED_SELECTOR = YES;
				GCC_WARN_UNINITIALIZED_AUTOS = YES_AGGRESSIVE;
				GCC_WARN_UNUSED_FUNCTION = YES;
				GCC_WARN_UNUSED_VARIABLE = YES;
				IPHONEOS_DEPLOYMENT_TARGET = 15.2;
				MTL_ENABLE_DEBUG_INFO = NO;
				MTL_FAST_MATH = YES;
				SDKROOT = iphoneos;
				SWIFT_COMPILATION_MODE = wholemodule;
				SWIFT_OPTIMIZATION_LEVEL = "-O";
				VALIDATE_PRODUCT = YES;
			};
			name = Release;
		};
		0C1124DF27BC4C6C008AAC13 /* Debug */ = {
			isa = XCBuildConfiguration;
			buildSettings = {
				ASSETCATALOG_COMPILER_APPICON_NAME = AppIcon;
				ASSETCATALOG_COMPILER_GLOBAL_ACCENT_COLOR_NAME = AccentColor;
				CODE_SIGN_STYLE = Automatic;
				CURRENT_PROJECT_VERSION = 1;
				DEVELOPMENT_ASSET_PATHS = "\"SwiftUIPlayingCards/Preview Content\"";
				DEVELOPMENT_TEAM = 24K3VC72T7;
				ENABLE_PREVIEWS = YES;
				GENERATE_INFOPLIST_FILE = YES;
				INFOPLIST_KEY_UIApplicationSceneManifest_Generation = YES;
				INFOPLIST_KEY_UIApplicationSupportsIndirectInputEvents = YES;
				INFOPLIST_KEY_UILaunchScreen_Generation = YES;
				INFOPLIST_KEY_UISupportedInterfaceOrientations_iPad = "UIInterfaceOrientationPortrait UIInterfaceOrientationPortraitUpsideDown UIInterfaceOrientationLandscapeLeft UIInterfaceOrientationLandscapeRight";
				INFOPLIST_KEY_UISupportedInterfaceOrientations_iPhone = "UIInterfaceOrientationPortrait UIInterfaceOrientationLandscapeLeft UIInterfaceOrientationLandscapeRight";
				IPHONEOS_DEPLOYMENT_TARGET = 15.0;
				LD_RUNPATH_SEARCH_PATHS = (
					"$(inherited)",
					"@executable_path/Frameworks",
				);
				MARKETING_VERSION = 1.0;
				PRODUCT_BUNDLE_IDENTIFIER = com.chrismash.SwiftUIPlayingCards;
				PRODUCT_NAME = "$(TARGET_NAME)";
				SWIFT_EMIT_LOC_STRINGS = YES;
				SWIFT_VERSION = 5.0;
				TARGETED_DEVICE_FAMILY = "1,2";
			};
			name = Debug;
		};
		0C1124E027BC4C6C008AAC13 /* Release */ = {
			isa = XCBuildConfiguration;
			buildSettings = {
				ASSETCATALOG_COMPILER_APPICON_NAME = AppIcon;
				ASSETCATALOG_COMPILER_GLOBAL_ACCENT_COLOR_NAME = AccentColor;
				CODE_SIGN_STYLE = Automatic;
				CURRENT_PROJECT_VERSION = 1;
				DEVELOPMENT_ASSET_PATHS = "\"SwiftUIPlayingCards/Preview Content\"";
				DEVELOPMENT_TEAM = 24K3VC72T7;
				ENABLE_PREVIEWS = YES;
				GENERATE_INFOPLIST_FILE = YES;
				INFOPLIST_KEY_UIApplicationSceneManifest_Generation = YES;
				INFOPLIST_KEY_UIApplicationSupportsIndirectInputEvents = YES;
				INFOPLIST_KEY_UILaunchScreen_Generation = YES;
				INFOPLIST_KEY_UISupportedInterfaceOrientations_iPad = "UIInterfaceOrientationPortrait UIInterfaceOrientationPortraitUpsideDown UIInterfaceOrientationLandscapeLeft UIInterfaceOrientationLandscapeRight";
				INFOPLIST_KEY_UISupportedInterfaceOrientations_iPhone = "UIInterfaceOrientationPortrait UIInterfaceOrientationLandscapeLeft UIInterfaceOrientationLandscapeRight";
				IPHONEOS_DEPLOYMENT_TARGET = 15.0;
				LD_RUNPATH_SEARCH_PATHS = (
					"$(inherited)",
					"@executable_path/Frameworks",
				);
				MARKETING_VERSION = 1.0;
				PRODUCT_BUNDLE_IDENTIFIER = com.chrismash.SwiftUIPlayingCards;
				PRODUCT_NAME = "$(TARGET_NAME)";
				SWIFT_EMIT_LOC_STRINGS = YES;
				SWIFT_VERSION = 5.0;
				TARGETED_DEVICE_FAMILY = "1,2";
			};
			name = Release;
		};
/* End XCBuildConfiguration section */

/* Begin XCConfigurationList section */
		0C1124CB27BC4C6A008AAC13 /* Build configuration list for PBXProject "SwiftUIPlayingCards" */ = {
			isa = XCConfigurationList;
			buildConfigurations = (
				0C1124DC27BC4C6C008AAC13 /* Debug */,
				0C1124DD27BC4C6C008AAC13 /* Release */,
			);
			defaultConfigurationIsVisible = 0;
			defaultConfigurationName = Release;
		};
		0C1124DE27BC4C6C008AAC13 /* Build configuration list for PBXNativeTarget "SwiftUIPlayingCards" */ = {
			isa = XCConfigurationList;
			buildConfigurations = (
				0C1124DF27BC4C6C008AAC13 /* Debug */,
				0C1124E027BC4C6C008AAC13 /* Release */,
			);
			defaultConfigurationIsVisible = 0;
			defaultConfigurationName = Release;
		};
/* End XCConfigurationList section */

/* Begin XCVersionGroup section */
		D3335ADB28B614F800A5C720 /* CardGameCoreData.xcdatamodeld */ = {
			isa = XCVersionGroup;
			children = (
				D3335ADC28B614F800A5C720 /* CardGameCoreData.xcdatamodel */,
			);
			currentVersion = D3335ADC28B614F800A5C720 /* CardGameCoreData.xcdatamodel */;
			path = CardGameCoreData.xcdatamodeld;
			sourceTree = "<group>";
			versionGroupType = wrapper.xcdatamodel;
		};
/* End XCVersionGroup section */
	};
	rootObject = 0C1124C827BC4C6A008AAC13 /* Project object */;
}
